
Microsoft Visual Studio Solution File, Format Version 12.00
# Visual Studio Version 17
VisualStudioVersion = 17.8.34330.188
MinimumVisualStudioVersion = 10.0.40219.1
Project("{FAE04EC0-301F-11D3-BF4B-00C04F79EFBC}") = "Hospital_Management_System", "Hospital_Management_System\Hospital_Management_System.csproj", "{C52AEA10-0CBB-4409-89C4-D46DB22F4310}"
EndProject
Project("{2150E333-8FDC-42A3-9474-1A3956D46DE8}") = "Solution Items", "Solution Items", "{10796080-7094-4E60-A0E9-F995F528935C}"
EndProject
Global
	GlobalSection(SolutionConfigurationPlatforms) = preSolution
		Debug|Any CPU = Debug|Any CPU
		Release|Any CPU = Release|Any CPU
	EndGlobalSection
	GlobalSection(ProjectConfigurationPlatforms) = postSolution
		{C52AEA10-0CBB-4409-89C4-D46DB22F4310}.Debug|Any CPU.ActiveCfg = Debug|Any CPU
		{C52AEA10-0CBB-4409-89C4-D46DB22F4310}.Debug|Any CPU.Build.0 = Debug|Any CPU
		{C52AEA10-0CBB-4409-89C4-D46DB22F4310}.Release|Any CPU.ActiveCfg = Release|Any CPU
		{C52AEA10-0CBB-4409-89C4-D46DB22F4310}.Release|Any CPU.Build.0 = Release|Any CPU
	EndGlobalSection
	GlobalSection(SolutionProperties) = preSolution
		HideSolutionNode = FALSE
	EndGlobalSection
	GlobalSection(ExtensibilityGlobals) = postSolution
		SolutionGuid = {6759D040-9684-4E3B-BD59-85A1E81C8ECB}
	EndGlobalSection
EndGlobal
